
Microsoft Visual Studio Solution File, Format Version 12.00
# Visual Studio Version 17
VisualStudioVersion = 17.9.34728.123
MinimumVisualStudioVersion = 10.0.40219.1
Project("{9A19103F-16F7-4668-BE54-9A1E7A4F7556}") = "ConsoleCatalog.Internal_Server", "ConsoleCatalog.Internal_Server\ConsoleCatalog.Internal_Server.csproj", "{3C7A7297-6AEF-442B-985A-ACA2BFF5C193}"
	ProjectSection(ProjectDependencies) = postProject
		{4B3E2123-DE3E-4F02-93AE-CEA6B5B5EEE2} = {4B3E2123-DE3E-4F02-93AE-CEA6B5B5EEE2}
	EndProjectSection
EndProject
Project("{54A90642-561A-4BB1-A94E-469ADEE60C69}") = "ConsoleCatalog.Client", "ConsoleCatalog.Client\ConsoleCatalog.Client.esproj", "{2F9C2E69-26B9-4891-8909-042F0E7EA19D}"
EndProject
Project("{9092AA53-FB77-4645-B42D-1CCCA6BD08BD}") = "ConsoleCatalog.External_Server", "ConsoleCatalog.External_Server\ConsoleCatalog.External_Server.njsproj", "{4B3E2123-DE3E-4F02-93AE-CEA6B5B5EEE2}"
EndProject
Global
	GlobalSection(SolutionConfigurationPlatforms) = preSolution
		Debug|Any CPU = Debug|Any CPU
		Release|Any CPU = Release|Any CPU
	EndGlobalSection
	GlobalSection(ProjectConfigurationPlatforms) = postSolution
		{3C7A7297-6AEF-442B-985A-ACA2BFF5C193}.Debug|Any CPU.ActiveCfg = Debug|Any CPU
		{3C7A7297-6AEF-442B-985A-ACA2BFF5C193}.Debug|Any CPU.Build.0 = Debug|Any CPU
		{3C7A7297-6AEF-442B-985A-ACA2BFF5C193}.Release|Any CPU.ActiveCfg = Release|Any CPU
		{3C7A7297-6AEF-442B-985A-ACA2BFF5C193}.Release|Any CPU.Build.0 = Release|Any CPU
		{2F9C2E69-26B9-4891-8909-042F0E7EA19D}.Debug|Any CPU.ActiveCfg = Debug|Any CPU
		{2F9C2E69-26B9-4891-8909-042F0E7EA19D}.Debug|Any CPU.Build.0 = Debug|Any CPU
		{2F9C2E69-26B9-4891-8909-042F0E7EA19D}.Debug|Any CPU.Deploy.0 = Debug|Any CPU
		{2F9C2E69-26B9-4891-8909-042F0E7EA19D}.Release|Any CPU.ActiveCfg = Release|Any CPU
		{2F9C2E69-26B9-4891-8909-042F0E7EA19D}.Release|Any CPU.Build.0 = Release|Any CPU
		{2F9C2E69-26B9-4891-8909-042F0E7EA19D}.Release|Any CPU.Deploy.0 = Release|Any CPU
		{4B3E2123-DE3E-4F02-93AE-CEA6B5B5EEE2}.Debug|Any CPU.ActiveCfg = Debug|Any CPU
		{4B3E2123-DE3E-4F02-93AE-CEA6B5B5EEE2}.Debug|Any CPU.Build.0 = Debug|Any CPU
		{4B3E2123-DE3E-4F02-93AE-CEA6B5B5EEE2}.Release|Any CPU.ActiveCfg = Release|Any CPU
		{4B3E2123-DE3E-4F02-93AE-CEA6B5B5EEE2}.Release|Any CPU.Build.0 = Release|Any CPU
	EndGlobalSection
	GlobalSection(SolutionProperties) = preSolution
		HideSolutionNode = FALSE
	EndGlobalSection
	GlobalSection(ExtensibilityGlobals) = postSolution
		SolutionGuid = {02C7A4E9-B65B-41D3-A8AB-FDCA7B1C717C}
	EndGlobalSection
EndGlobal
